// !$*UTF8*$!
{
	archiveVersion = 1;
	classes = {
	};
	objectVersion = 56;
	objects = {

/* Begin PBXBuildFile section */
		516E627128FFDE1C0068E418 /* AppDelegate.swift in Sources */ = {isa = PBXBuildFile; fileRef = 516E627028FFDE1C0068E418 /* AppDelegate.swift */; };
		516E627528FFDE1C0068E418 /* WeatherCityListViewController.swift in Sources */ = {isa = PBXBuildFile; fileRef = 516E627428FFDE1C0068E418 /* WeatherCityListViewController.swift */; };
		516E627828FFDE1C0068E418 /* Weather.storyboard in Resources */ = {isa = PBXBuildFile; fileRef = 516E627628FFDE1C0068E418 /* Weather.storyboard */; };
		516E627A28FFDE1D0068E418 /* Assets.xcassets in Resources */ = {isa = PBXBuildFile; fileRef = 516E627928FFDE1D0068E418 /* Assets.xcassets */; };
		516E627D28FFDE1D0068E418 /* LaunchScreen.storyboard in Resources */ = {isa = PBXBuildFile; fileRef = 516E627B28FFDE1D0068E418 /* LaunchScreen.storyboard */; };
		516E62EA28FFEB370068E418 /* DataKit.h in Headers */ = {isa = PBXBuildFile; fileRef = 516E62E928FFEB370068E418 /* DataKit.h */; settings = {ATTRIBUTES = (Public, ); }; };
		516E62ED28FFEB370068E418 /* DataKit.framework in Frameworks */ = {isa = PBXBuildFile; fileRef = 516E62E728FFEB370068E418 /* DataKit.framework */; };
		516E62EE28FFEB370068E418 /* DataKit.framework in Embed Frameworks */ = {isa = PBXBuildFile; fileRef = 516E62E728FFEB370068E418 /* DataKit.framework */; settings = {ATTRIBUTES = (CodeSignOnCopy, RemoveHeadersOnCopy, ); }; };
		516E62F928FFEBD50068E418 /* WeatherCity.swift in Sources */ = {isa = PBXBuildFile; fileRef = 516E62F828FFEBD50068E418 /* WeatherCity.swift */; };
		516E62FB28FFEC290068E418 /* UserDefaultsManager.swift in Sources */ = {isa = PBXBuildFile; fileRef = 516E62FA28FFEC290068E418 /* UserDefaultsManager.swift */; };
		516E62FD28FFEC4A0068E418 /* CLLocation+Codable.swift in Sources */ = {isa = PBXBuildFile; fileRef = 516E62FC28FFEC4A0068E418 /* CLLocation+Codable.swift */; };
		516E62FF28FFEC620068E418 /* WeatherWorker.swift in Sources */ = {isa = PBXBuildFile; fileRef = 516E62FE28FFEC620068E418 /* WeatherWorker.swift */; };
		516E630228FFFBF30068E418 /* WeatherCityResponse.swift in Sources */ = {isa = PBXBuildFile; fileRef = 516E630128FFFBF30068E418 /* WeatherCityResponse.swift */; };
/* End PBXBuildFile section */

/* Begin PBXContainerItemProxy section */
		516E62EB28FFEB370068E418 /* PBXContainerItemProxy */ = {
			isa = PBXContainerItemProxy;
			containerPortal = 516E626528FFDE1C0068E418 /* Project object */;
			proxyType = 1;
			remoteGlobalIDString = 516E62E628FFEB370068E418;
			remoteInfo = DataKit;
		};
/* End PBXContainerItemProxy section */

/* Begin PBXCopyFilesBuildPhase section */
		516E62EF28FFEB370068E418 /* Embed Frameworks */ = {
			isa = PBXCopyFilesBuildPhase;
			buildActionMask = 2147483647;
			dstPath = "";
			dstSubfolderSpec = 10;
			files = (
				516E62EE28FFEB370068E418 /* DataKit.framework in Embed Frameworks */,
			);
			name = "Embed Frameworks";
			runOnlyForDeploymentPostprocessing = 0;
		};
/* End PBXCopyFilesBuildPhase section */

/* Begin PBXFileReference section */
		516E626D28FFDE1C0068E418 /* Weather.app */ = {isa = PBXFileReference; explicitFileType = wrapper.application; includeInIndex = 0; path = Weather.app; sourceTree = BUILT_PRODUCTS_DIR; };
		516E627028FFDE1C0068E418 /* AppDelegate.swift */ = {isa = PBXFileReference; lastKnownFileType = sourcecode.swift; path = AppDelegate.swift; sourceTree = "<group>"; };
		516E627428FFDE1C0068E418 /* WeatherCityListViewController.swift */ = {isa = PBXFileReference; lastKnownFileType = sourcecode.swift; path = WeatherCityListViewController.swift; sourceTree = "<group>"; };
		516E627728FFDE1C0068E418 /* Base */ = {isa = PBXFileReference; lastKnownFileType = file.storyboard; name = Base; path = Base.lproj/Weather.storyboard; sourceTree = "<group>"; };
		516E627928FFDE1D0068E418 /* Assets.xcassets */ = {isa = PBXFileReference; lastKnownFileType = folder.assetcatalog; path = Assets.xcassets; sourceTree = "<group>"; };
		516E627C28FFDE1D0068E418 /* Base */ = {isa = PBXFileReference; lastKnownFileType = file.storyboard; name = Base; path = Base.lproj/LaunchScreen.storyboard; sourceTree = "<group>"; };
		516E627E28FFDE1D0068E418 /* Info.plist */ = {isa = PBXFileReference; lastKnownFileType = text.plist.xml; path = Info.plist; sourceTree = "<group>"; };
		516E62E728FFEB370068E418 /* DataKit.framework */ = {isa = PBXFileReference; explicitFileType = wrapper.framework; includeInIndex = 0; path = DataKit.framework; sourceTree = BUILT_PRODUCTS_DIR; };
		516E62E928FFEB370068E418 /* DataKit.h */ = {isa = PBXFileReference; lastKnownFileType = sourcecode.c.h; path = DataKit.h; sourceTree = "<group>"; };
		516E62F828FFEBD50068E418 /* WeatherCity.swift */ = {isa = PBXFileReference; lastKnownFileType = sourcecode.swift; path = WeatherCity.swift; sourceTree = "<group>"; };
		516E62FA28FFEC290068E418 /* UserDefaultsManager.swift */ = {isa = PBXFileReference; lastKnownFileType = sourcecode.swift; path = UserDefaultsManager.swift; sourceTree = "<group>"; };
		516E62FC28FFEC4A0068E418 /* CLLocation+Codable.swift */ = {isa = PBXFileReference; lastKnownFileType = sourcecode.swift; path = "CLLocation+Codable.swift"; sourceTree = "<group>"; };
		516E62FE28FFEC620068E418 /* WeatherWorker.swift */ = {isa = PBXFileReference; lastKnownFileType = sourcecode.swift; path = WeatherWorker.swift; sourceTree = "<group>"; };
		516E630128FFFBF30068E418 /* WeatherCityResponse.swift */ = {isa = PBXFileReference; lastKnownFileType = sourcecode.swift; path = WeatherCityResponse.swift; sourceTree = "<group>"; };
/* End PBXFileReference section */

/* Begin PBXFrameworksBuildPhase section */
		516E626A28FFDE1C0068E418 /* Frameworks */ = {
			isa = PBXFrameworksBuildPhase;
			buildActionMask = 2147483647;
			files = (
				516E62ED28FFEB370068E418 /* DataKit.framework in Frameworks */,
			);
			runOnlyForDeploymentPostprocessing = 0;
		};
		516E62E428FFEB370068E418 /* Frameworks */ = {
			isa = PBXFrameworksBuildPhase;
			buildActionMask = 2147483647;
			files = (
			);
			runOnlyForDeploymentPostprocessing = 0;
		};
/* End PBXFrameworksBuildPhase section */

/* Begin PBXGroup section */
		516E626428FFDE1C0068E418 = {
			isa = PBXGroup;
			children = (
				516E626F28FFDE1C0068E418 /* Weather */,
				516E62E828FFEB370068E418 /* DataKit */,
				516E626E28FFDE1C0068E418 /* Products */,
			);
			sourceTree = "<group>";
		};
		516E626E28FFDE1C0068E418 /* Products */ = {
			isa = PBXGroup;
			children = (
				516E626D28FFDE1C0068E418 /* Weather.app */,
				516E62E728FFEB370068E418 /* DataKit.framework */,
			);
			name = Products;
			sourceTree = "<group>";
		};
		516E626F28FFDE1C0068E418 /* Weather */ = {
			isa = PBXGroup;
			children = (
				516E628428FFDF230068E418 /* App */,
				516E628528FFDF290068E418 /* Modules */,
				516E628628FFDF3A0068E418 /* Helpers */,
				516E628728FFDF4D0068E418 /* Ressources */,
			);
			path = Weather;
			sourceTree = "<group>";
		};
		516E628428FFDF230068E418 /* App */ = {
			isa = PBXGroup;
			children = (
				516E627028FFDE1C0068E418 /* AppDelegate.swift */,
				516E627B28FFDE1D0068E418 /* LaunchScreen.storyboard */,
			);
			path = App;
			sourceTree = "<group>";
		};
		516E628528FFDF290068E418 /* Modules */ = {
			isa = PBXGroup;
			children = (
				516E628828FFDF7B0068E418 /* Weather */,
			);
			path = Modules;
			sourceTree = "<group>";
		};
		516E628628FFDF3A0068E418 /* Helpers */ = {
			isa = PBXGroup;
			children = (
			);
			path = Helpers;
			sourceTree = "<group>";
		};
		516E628728FFDF4D0068E418 /* Ressources */ = {
			isa = PBXGroup;
			children = (
				516E627928FFDE1D0068E418 /* Assets.xcassets */,
				516E627E28FFDE1D0068E418 /* Info.plist */,
			);
			path = Ressources;
			sourceTree = "<group>";
		};
		516E628828FFDF7B0068E418 /* Weather */ = {
			isa = PBXGroup;
			children = (
				516E628928FFDF860068E418 /* City List */,
				516E627628FFDE1C0068E418 /* Weather.storyboard */,
			);
			path = Weather;
			sourceTree = "<group>";
		};
		516E628928FFDF860068E418 /* City List */ = {
			isa = PBXGroup;
			children = (
				516E627428FFDE1C0068E418 /* WeatherCityListViewController.swift */,
			);
			path = "City List";
			sourceTree = "<group>";
		};
		516E62E828FFEB370068E418 /* DataKit */ = {
			isa = PBXGroup;
			children = (
				516E62F328FFEB6B0068E418 /* Data */,
				516E62F628FFEB920068E418 /* Helpers */,
				516E62F428FFEB740068E418 /* Response */,
				516E62E928FFEB370068E418 /* DataKit.h */,
			);
			path = DataKit;
			sourceTree = "<group>";
		};
		516E62F328FFEB6B0068E418 /* Data */ = {
			isa = PBXGroup;
			children = (
				516E630028FFFBE00068E418 /* Response */,
				516E62F728FFEB980068E418 /* Worker */,
				516E62F528FFEB820068E418 /* Weather */,
			);
			path = Data;
			sourceTree = "<group>";
		};
		516E62F428FFEB740068E418 /* Response */ = {
			isa = PBXGroup;
			children = (
			);
			path = Response;
			sourceTree = "<group>";
		};
		516E62F528FFEB820068E418 /* Weather */ = {
			isa = PBXGroup;
			children = (
				516E62F828FFEBD50068E418 /* WeatherCity.swift */,
			);
			path = Weather;
			sourceTree = "<group>";
		};
		516E62F628FFEB920068E418 /* Helpers */ = {
			isa = PBXGroup;
			children = (
				516E62FA28FFEC290068E418 /* UserDefaultsManager.swift */,
				516E62FC28FFEC4A0068E418 /* CLLocation+Codable.swift */,
			);
			path = Helpers;
			sourceTree = "<group>";
		};
		516E62F728FFEB980068E418 /* Worker */ = {
			isa = PBXGroup;
			children = (
				516E62FE28FFEC620068E418 /* WeatherWorker.swift */,
			);
			path = Worker;
			sourceTree = "<group>";
		};
		516E630028FFFBE00068E418 /* Response */ = {
			isa = PBXGroup;
			children = (
				516E630128FFFBF30068E418 /* WeatherCityResponse.swift */,
			);
			path = Response;
			sourceTree = "<group>";
		};
/* End PBXGroup section */

/* Begin PBXHeadersBuildPhase section */
		516E62E228FFEB370068E418 /* Headers */ = {
			isa = PBXHeadersBuildPhase;
			buildActionMask = 2147483647;
			files = (
				516E62EA28FFEB370068E418 /* DataKit.h in Headers */,
			);
			runOnlyForDeploymentPostprocessing = 0;
		};
/* End PBXHeadersBuildPhase section */

/* Begin PBXNativeTarget section */
		516E626C28FFDE1C0068E418 /* Weather */ = {
			isa = PBXNativeTarget;
			buildConfigurationList = 516E628128FFDE1D0068E418 /* Build configuration list for PBXNativeTarget "Weather" */;
			buildPhases = (
				516E626928FFDE1C0068E418 /* Sources */,
				516E626A28FFDE1C0068E418 /* Frameworks */,
				516E626B28FFDE1C0068E418 /* Resources */,
				516E62EF28FFEB370068E418 /* Embed Frameworks */,
			);
			buildRules = (
			);
			dependencies = (
				516E62EC28FFEB370068E418 /* PBXTargetDependency */,
			);
			name = Weather;
			productName = Weather;
			productReference = 516E626D28FFDE1C0068E418 /* Weather.app */;
			productType = "com.apple.product-type.application";
		};
		516E62E628FFEB370068E418 /* DataKit */ = {
			isa = PBXNativeTarget;
			buildConfigurationList = 516E62F228FFEB370068E418 /* Build configuration list for PBXNativeTarget "DataKit" */;
			buildPhases = (
				516E62E228FFEB370068E418 /* Headers */,
				516E62E328FFEB370068E418 /* Sources */,
				516E62E428FFEB370068E418 /* Frameworks */,
				516E62E528FFEB370068E418 /* Resources */,
			);
			buildRules = (
			);
			dependencies = (
			);
			name = DataKit;
			productName = DataKit;
			productReference = 516E62E728FFEB370068E418 /* DataKit.framework */;
			productType = "com.apple.product-type.framework";
		};
/* End PBXNativeTarget section */

/* Begin PBXProject section */
		516E626528FFDE1C0068E418 /* Project object */ = {
			isa = PBXProject;
			attributes = {
				BuildIndependentTargetsInParallel = 1;
				LastSwiftUpdateCheck = 1400;
				LastUpgradeCheck = 1400;
				TargetAttributes = {
					516E626C28FFDE1C0068E418 = {
						CreatedOnToolsVersion = 14.0.1;
					};
					516E62E628FFEB370068E418 = {
						CreatedOnToolsVersion = 14.0.1;
						LastSwiftMigration = 1400;
					};
				};
			};
			buildConfigurationList = 516E626828FFDE1C0068E418 /* Build configuration list for PBXProject "Weather" */;
			compatibilityVersion = "Xcode 14.0";
			developmentRegion = en;
			hasScannedForEncodings = 0;
			knownRegions = (
				en,
				Base,
			);
			mainGroup = 516E626428FFDE1C0068E418;
			productRefGroup = 516E626E28FFDE1C0068E418 /* Products */;
			projectDirPath = "";
			projectRoot = "";
			targets = (
				516E626C28FFDE1C0068E418 /* Weather */,
				516E62E628FFEB370068E418 /* DataKit */,
			);
		};
/* End PBXProject section */

/* Begin PBXResourcesBuildPhase section */
		516E626B28FFDE1C0068E418 /* Resources */ = {
			isa = PBXResourcesBuildPhase;
			buildActionMask = 2147483647;
			files = (
				516E627D28FFDE1D0068E418 /* LaunchScreen.storyboard in Resources */,
				516E627A28FFDE1D0068E418 /* Assets.xcassets in Resources */,
				516E627828FFDE1C0068E418 /* Weather.storyboard in Resources */,
			);
			runOnlyForDeploymentPostprocessing = 0;
		};
		516E62E528FFEB370068E418 /* Resources */ = {
			isa = PBXResourcesBuildPhase;
			buildActionMask = 2147483647;
			files = (
			);
			runOnlyForDeploymentPostprocessing = 0;
		};
/* End PBXResourcesBuildPhase section */

/* Begin PBXSourcesBuildPhase section */
		516E626928FFDE1C0068E418 /* Sources */ = {
			isa = PBXSourcesBuildPhase;
			buildActionMask = 2147483647;
			files = (
				516E627528FFDE1C0068E418 /* WeatherCityListViewController.swift in Sources */,
				516E627128FFDE1C0068E418 /* AppDelegate.swift in Sources */,
			);
			runOnlyForDeploymentPostprocessing = 0;
		};
		516E62E328FFEB370068E418 /* Sources */ = {
			isa = PBXSourcesBuildPhase;
			buildActionMask = 2147483647;
			files = (
				516E630228FFFBF30068E418 /* WeatherCityResponse.swift in Sources */,
				516E62FF28FFEC620068E418 /* WeatherWorker.swift in Sources */,
				516E62FD28FFEC4A0068E418 /* CLLocation+Codable.swift in Sources */,
				516E62FB28FFEC290068E418 /* UserDefaultsManager.swift in Sources */,
				516E62F928FFEBD50068E418 /* WeatherCity.swift in Sources */,
			);
			runOnlyForDeploymentPostprocessing = 0;
		};
/* End PBXSourcesBuildPhase section */

/* Begin PBXTargetDependency section */
		516E62EC28FFEB370068E418 /* PBXTargetDependency */ = {
			isa = PBXTargetDependency;
			target = 516E62E628FFEB370068E418 /* DataKit */;
			targetProxy = 516E62EB28FFEB370068E418 /* PBXContainerItemProxy */;
		};
/* End PBXTargetDependency section */

/* Begin PBXVariantGroup section */
		516E627628FFDE1C0068E418 /* Weather.storyboard */ = {
			isa = PBXVariantGroup;
			children = (
				516E627728FFDE1C0068E418 /* Base */,
			);
			name = Weather.storyboard;
			sourceTree = "<group>";
		};
		516E627B28FFDE1D0068E418 /* LaunchScreen.storyboard */ = {
			isa = PBXVariantGroup;
			children = (
				516E627C28FFDE1D0068E418 /* Base */,
			);
			name = LaunchScreen.storyboard;
			sourceTree = "<group>";
		};
/* End PBXVariantGroup section */

/* Begin XCBuildConfiguration section */
		516E627F28FFDE1D0068E418 /* Debug */ = {
			isa = XCBuildConfiguration;
			buildSettings = {
				ALWAYS_SEARCH_USER_PATHS = NO;
				CLANG_ANALYZER_NONNULL = YES;
				CLANG_ANALYZER_NUMBER_OBJECT_CONVERSION = YES_AGGRESSIVE;
				CLANG_CXX_LANGUAGE_STANDARD = "gnu++20";
				CLANG_ENABLE_MODULES = YES;
				CLANG_ENABLE_OBJC_ARC = YES;
				CLANG_ENABLE_OBJC_WEAK = YES;
				CLANG_WARN_BLOCK_CAPTURE_AUTORELEASING = YES;
				CLANG_WARN_BOOL_CONVERSION = YES;
				CLANG_WARN_COMMA = YES;
				CLANG_WARN_CONSTANT_CONVERSION = YES;
				CLANG_WARN_DEPRECATED_OBJC_IMPLEMENTATIONS = YES;
				CLANG_WARN_DIRECT_OBJC_ISA_USAGE = YES_ERROR;
				CLANG_WARN_DOCUMENTATION_COMMENTS = YES;
				CLANG_WARN_EMPTY_BODY = YES;
				CLANG_WARN_ENUM_CONVERSION = YES;
				CLANG_WARN_INFINITE_RECURSION = YES;
				CLANG_WARN_INT_CONVERSION = YES;
				CLANG_WARN_NON_LITERAL_NULL_CONVERSION = YES;
				CLANG_WARN_OBJC_IMPLICIT_RETAIN_SELF = YES;
				CLANG_WARN_OBJC_LITERAL_CONVERSION = YES;
				CLANG_WARN_OBJC_ROOT_CLASS = YES_ERROR;
				CLANG_WARN_QUOTED_INCLUDE_IN_FRAMEWORK_HEADER = YES;
				CLANG_WARN_RANGE_LOOP_ANALYSIS = YES;
				CLANG_WARN_STRICT_PROTOTYPES = YES;
				CLANG_WARN_SUSPICIOUS_MOVE = YES;
				CLANG_WARN_UNGUARDED_AVAILABILITY = YES_AGGRESSIVE;
				CLANG_WARN_UNREACHABLE_CODE = YES;
				CLANG_WARN__DUPLICATE_METHOD_MATCH = YES;
				COPY_PHASE_STRIP = NO;
				DEBUG_INFORMATION_FORMAT = dwarf;
				ENABLE_STRICT_OBJC_MSGSEND = YES;
				ENABLE_TESTABILITY = YES;
				GCC_C_LANGUAGE_STANDARD = gnu11;
				GCC_DYNAMIC_NO_PIC = NO;
				GCC_NO_COMMON_BLOCKS = YES;
				GCC_OPTIMIZATION_LEVEL = 0;
				GCC_PREPROCESSOR_DEFINITIONS = (
					"DEBUG=1",
					"$(inherited)",
				);
				GCC_WARN_64_TO_32_BIT_CONVERSION = YES;
				GCC_WARN_ABOUT_RETURN_TYPE = YES_ERROR;
				GCC_WARN_UNDECLARED_SELECTOR = YES;
				GCC_WARN_UNINITIALIZED_AUTOS = YES_AGGRESSIVE;
				GCC_WARN_UNUSED_FUNCTION = YES;
				GCC_WARN_UNUSED_VARIABLE = YES;
				IPHONEOS_DEPLOYMENT_TARGET = 16.0;
				MTL_ENABLE_DEBUG_INFO = INCLUDE_SOURCE;
				MTL_FAST_MATH = YES;
				ONLY_ACTIVE_ARCH = YES;
				SDKROOT = iphoneos;
				SWIFT_ACTIVE_COMPILATION_CONDITIONS = DEBUG;
				SWIFT_OPTIMIZATION_LEVEL = "-Onone";
			};
			name = Debug;
		};
		516E628028FFDE1D0068E418 /* Release */ = {
			isa = XCBuildConfiguration;
			buildSettings = {
				ALWAYS_SEARCH_USER_PATHS = NO;
				CLANG_ANALYZER_NONNULL = YES;
				CLANG_ANALYZER_NUMBER_OBJECT_CONVERSION = YES_AGGRESSIVE;
				CLANG_CXX_LANGUAGE_STANDARD = "gnu++20";
				CLANG_ENABLE_MODULES = YES;
				CLANG_ENABLE_OBJC_ARC = YES;
				CLANG_ENABLE_OBJC_WEAK = YES;
				CLANG_WARN_BLOCK_CAPTURE_AUTORELEASING = YES;
				CLANG_WARN_BOOL_CONVERSION = YES;
				CLANG_WARN_COMMA = YES;
				CLANG_WARN_CONSTANT_CONVERSION = YES;
				CLANG_WARN_DEPRECATED_OBJC_IMPLEMENTATIONS = YES;
				CLANG_WARN_DIRECT_OBJC_ISA_USAGE = YES_ERROR;
				CLANG_WARN_DOCUMENTATION_COMMENTS = YES;
				CLANG_WARN_EMPTY_BODY = YES;
				CLANG_WARN_ENUM_CONVERSION = YES;
				CLANG_WARN_INFINITE_RECURSION = YES;
				CLANG_WARN_INT_CONVERSION = YES;
				CLANG_WARN_NON_LITERAL_NULL_CONVERSION = YES;
				CLANG_WARN_OBJC_IMPLICIT_RETAIN_SELF = YES;
				CLANG_WARN_OBJC_LITERAL_CONVERSION = YES;
				CLANG_WARN_OBJC_ROOT_CLASS = YES_ERROR;
				CLANG_WARN_QUOTED_INCLUDE_IN_FRAMEWORK_HEADER = YES;
				CLANG_WARN_RANGE_LOOP_ANALYSIS = YES;
				CLANG_WARN_STRICT_PROTOTYPES = YES;
				CLANG_WARN_SUSPICIOUS_MOVE = YES;
				CLANG_WARN_UNGUARDED_AVAILABILITY = YES_AGGRESSIVE;
				CLANG_WARN_UNREACHABLE_CODE = YES;
				CLANG_WARN__DUPLICATE_METHOD_MATCH = YES;
				COPY_PHASE_STRIP = NO;
				DEBUG_INFORMATION_FORMAT = "dwarf-with-dsym";
				ENABLE_NS_ASSERTIONS = NO;
				ENABLE_STRICT_OBJC_MSGSEND = YES;
				GCC_C_LANGUAGE_STANDARD = gnu11;
				GCC_NO_COMMON_BLOCKS = YES;
				GCC_WARN_64_TO_32_BIT_CONVERSION = YES;
				GCC_WARN_ABOUT_RETURN_TYPE = YES_ERROR;
				GCC_WARN_UNDECLARED_SELECTOR = YES;
				GCC_WARN_UNINITIALIZED_AUTOS = YES_AGGRESSIVE;
				GCC_WARN_UNUSED_FUNCTION = YES;
				GCC_WARN_UNUSED_VARIABLE = YES;
				IPHONEOS_DEPLOYMENT_TARGET = 16.0;
				MTL_ENABLE_DEBUG_INFO = NO;
				MTL_FAST_MATH = YES;
				SDKROOT = iphoneos;
				SWIFT_COMPILATION_MODE = wholemodule;
				SWIFT_OPTIMIZATION_LEVEL = "-O";
				VALIDATE_PRODUCT = YES;
			};
			name = Release;
		};
		516E628228FFDE1D0068E418 /* Debug */ = {
			isa = XCBuildConfiguration;
			buildSettings = {
				ALWAYS_EMBED_SWIFT_STANDARD_LIBRARIES = YES;
				ASSETCATALOG_COMPILER_APPICON_NAME = AppIcon;
				ASSETCATALOG_COMPILER_GLOBAL_ACCENT_COLOR_NAME = AccentColor;
				CODE_SIGN_STYLE = Automatic;
				CURRENT_PROJECT_VERSION = 1;
				DEVELOPMENT_TEAM = 2Y3C7KHYP6;
				GENERATE_INFOPLIST_FILE = YES;
				INFOPLIST_FILE = Weather/Ressources/Info.plist;
				INFOPLIST_KEY_UIApplicationSupportsIndirectInputEvents = YES;
				INFOPLIST_KEY_UILaunchStoryboardName = LaunchScreen;
				INFOPLIST_KEY_UIMainStoryboardFile = Weather;
				INFOPLIST_KEY_UISupportedInterfaceOrientations_iPad = "UIInterfaceOrientationPortrait UIInterfaceOrientationPortraitUpsideDown UIInterfaceOrientationLandscapeLeft UIInterfaceOrientationLandscapeRight";
				INFOPLIST_KEY_UISupportedInterfaceOrientations_iPhone = "UIInterfaceOrientationPortrait UIInterfaceOrientationLandscapeLeft UIInterfaceOrientationLandscapeRight";
				IPHONEOS_DEPLOYMENT_TARGET = 11.0;
				LD_RUNPATH_SEARCH_PATHS = (
					"$(inherited)",
					"@executable_path/Frameworks",
				);
				MARKETING_VERSION = 1.0;
				PRODUCT_BUNDLE_IDENTIFIER = esteve.Weather;
				PRODUCT_NAME = "$(TARGET_NAME)";
				SWIFT_EMIT_LOC_STRINGS = YES;
				SWIFT_VERSION = 5.0;
				TARGETED_DEVICE_FAMILY = "1,2";
			};
			name = Debug;
		};
		516E628328FFDE1D0068E418 /* Release */ = {
			isa = XCBuildConfiguration;
			buildSettings = {
				ALWAYS_EMBED_SWIFT_STANDARD_LIBRARIES = YES;
				ASSETCATALOG_COMPILER_APPICON_NAME = AppIcon;
				ASSETCATALOG_COMPILER_GLOBAL_ACCENT_COLOR_NAME = AccentColor;
				CODE_SIGN_STYLE = Automatic;
				CURRENT_PROJECT_VERSION = 1;
				DEVELOPMENT_TEAM = 2Y3C7KHYP6;
				GENERATE_INFOPLIST_FILE = YES;
				INFOPLIST_FILE = Weather/Ressources/Info.plist;
				INFOPLIST_KEY_UIApplicationSupportsIndirectInputEvents = YES;
				INFOPLIST_KEY_UILaunchStoryboardName = LaunchScreen;
				INFOPLIST_KEY_UIMainStoryboardFile = Weather;
				INFOPLIST_KEY_UISupportedInterfaceOrientations_iPad = "UIInterfaceOrientationPortrait UIInterfaceOrientationPortraitUpsideDown UIInterfaceOrientationLandscapeLeft UIInterfaceOrientationLandscapeRight";
				INFOPLIST_KEY_UISupportedInterfaceOrientations_iPhone = "UIInterfaceOrientationPortrait UIInterfaceOrientationLandscapeLeft UIInterfaceOrientationLandscapeRight";
				IPHONEOS_DEPLOYMENT_TARGET = 11.0;
				LD_RUNPATH_SEARCH_PATHS = (
					"$(inherited)",
					"@executable_path/Frameworks",
				);
				MARKETING_VERSION = 1.0;
				PRODUCT_BUNDLE_IDENTIFIER = esteve.Weather;
				PRODUCT_NAME = "$(TARGET_NAME)";
				SWIFT_EMIT_LOC_STRINGS = YES;
				SWIFT_VERSION = 5.0;
				TARGETED_DEVICE_FAMILY = "1,2";
			};
			name = Release;
		};
		516E62F028FFEB370068E418 /* Debug */ = {
			isa = XCBuildConfiguration;
			buildSettings = {
				CLANG_ENABLE_MODULES = YES;
				CODE_SIGN_STYLE = Automatic;
				CURRENT_PROJECT_VERSION = 1;
				DEFINES_MODULE = YES;
				DEVELOPMENT_TEAM = 2Y3C7KHYP6;
				DYLIB_COMPATIBILITY_VERSION = 1;
				DYLIB_CURRENT_VERSION = 1;
				DYLIB_INSTALL_NAME_BASE = "@rpath";
				GENERATE_INFOPLIST_FILE = YES;
				INFOPLIST_KEY_NSHumanReadableCopyright = "";
				INSTALL_PATH = "$(LOCAL_LIBRARY_DIR)/Frameworks";
				IPHONEOS_DEPLOYMENT_TARGET = 11.0;
				LD_RUNPATH_SEARCH_PATHS = (
					"$(inherited)",
					"@executable_path/Frameworks",
					"@loader_path/Frameworks",
				);
				MARKETING_VERSION = 1.0;
				PRODUCT_BUNDLE_IDENTIFIER = esteve.DataKit;
				PRODUCT_NAME = "$(TARGET_NAME:c99extidentifier)";
				SKIP_INSTALL = YES;
				SWIFT_EMIT_LOC_STRINGS = YES;
				SWIFT_OPTIMIZATION_LEVEL = "-Onone";
				SWIFT_VERSION = 5.0;
				TARGETED_DEVICE_FAMILY = "1,2";
				VERSIONING_SYSTEM = "apple-generic";
				VERSION_INFO_PREFIX = "";
			};
			name = Debug;
		};
		516E62F128FFEB370068E418 /* Release */ = {
			isa = XCBuildConfiguration;
			buildSettings = {
				CLANG_ENABLE_MODULES = YES;
				CODE_SIGN_STYLE = Automatic;
				CURRENT_PROJECT_VERSION = 1;
				DEFINES_MODULE = YES;
				DEVELOPMENT_TEAM = 2Y3C7KHYP6;
				DYLIB_COMPATIBILITY_VERSION = 1;
				DYLIB_CURRENT_VERSION = 1;
				DYLIB_INSTALL_NAME_BASE = "@rpath";
				GENERATE_INFOPLIST_FILE = YES;
				INFOPLIST_KEY_NSHumanReadableCopyright = "";
				INSTALL_PATH = "$(LOCAL_LIBRARY_DIR)/Frameworks";
				IPHONEOS_DEPLOYMENT_TARGET = 11.0;
				LD_RUNPATH_SEARCH_PATHS = (
					"$(inherited)",
					"@executable_path/Frameworks",
					"@loader_path/Frameworks",
				);
				MARKETING_VERSION = 1.0;
				PRODUCT_BUNDLE_IDENTIFIER = esteve.DataKit;
				PRODUCT_NAME = "$(TARGET_NAME:c99extidentifier)";
				SKIP_INSTALL = YES;
				SWIFT_EMIT_LOC_STRINGS = YES;
				SWIFT_VERSION = 5.0;
				TARGETED_DEVICE_FAMILY = "1,2";
				VERSIONING_SYSTEM = "apple-generic";
				VERSION_INFO_PREFIX = "";
			};
			name = Release;
		};
/* End XCBuildConfiguration section */

/* Begin XCConfigurationList section */
		516E626828FFDE1C0068E418 /* Build configuration list for PBXProject "Weather" */ = {
			isa = XCConfigurationList;
			buildConfigurations = (
				516E627F28FFDE1D0068E418 /* Debug */,
				516E628028FFDE1D0068E418 /* Release */,
			);
			defaultConfigurationIsVisible = 0;
			defaultConfigurationName = Release;
		};
		516E628128FFDE1D0068E418 /* Build configuration list for PBXNativeTarget "Weather" */ = {
			isa = XCConfigurationList;
			buildConfigurations = (
				516E628228FFDE1D0068E418 /* Debug */,
				516E628328FFDE1D0068E418 /* Release */,
			);
			defaultConfigurationIsVisible = 0;
			defaultConfigurationName = Release;
		};
		516E62F228FFEB370068E418 /* Build configuration list for PBXNativeTarget "DataKit" */ = {
			isa = XCConfigurationList;
			buildConfigurations = (
				516E62F028FFEB370068E418 /* Debug */,
				516E62F128FFEB370068E418 /* Release */,
			);
			defaultConfigurationIsVisible = 0;
			defaultConfigurationName = Release;
		};
/* End XCConfigurationList section */
	};
	rootObject = 516E626528FFDE1C0068E418 /* Project object */;
}
